// !$*UTF8*$!
{
	archiveVersion = 1;
	classes = {
	};
	objectVersion = 48;
	objects = {

/* Begin PBXBuildFile section */
		C02040E81F3C76F80034A1CF /* AppDelegate.swift in Sources */ = {isa = PBXBuildFile; fileRef = C02040E71F3C76F80034A1CF /* AppDelegate.swift */; };
		C02040EA1F3C76F80034A1CF /* ViewController.swift in Sources */ = {isa = PBXBuildFile; fileRef = C02040E91F3C76F80034A1CF /* ViewController.swift */; };
		C02040ED1F3C76F80034A1CF /* Main.storyboard in Resources */ = {isa = PBXBuildFile; fileRef = C02040EB1F3C76F80034A1CF /* Main.storyboard */; };
		C02040EF1F3C76F80034A1CF /* Assets.xcassets in Resources */ = {isa = PBXBuildFile; fileRef = C02040EE1F3C76F80034A1CF /* Assets.xcassets */; };
		C02040F21F3C76F80034A1CF /* LaunchScreen.storyboard in Resources */ = {isa = PBXBuildFile; fileRef = C02040F01F3C76F80034A1CF /* LaunchScreen.storyboard */; };
/* End PBXBuildFile section */

/* Begin PBXFileReference section */
		C02040E41F3C76F80034A1CF /* DataPassDemo.app */ = {isa = PBXFileReference; explicitFileType = wrapper.application; includeInIndex = 0; path = DataPassDemo.app; sourceTree = BUILT_PRODUCTS_DIR; };
		C02040E71F3C76F80034A1CF /* AppDelegate.swift */ = {isa = PBXFileReference; lastKnownFileType = sourcecode.swift; path = AppDelegate.swift; sourceTree = "<group>"; };
		C02040E91F3C76F80034A1CF /* ViewController.swift */ = {isa = PBXFileReference; lastKnownFileType = sourcecode.swift; path = ViewController.swift; sourceTree = "<group>"; };
		C02040EC1F3C76F80034A1CF /* Base */ = {isa = PBXFileReference; lastKnownFileType = file.storyboard; name = Base; path = Base.lproj/Main.storyboard; sourceTree = "<group>"; };
		C02040EE1F3C76F80034A1CF /* Assets.xcassets */ = {isa = PBXFileReference; lastKnownFileType = folder.assetcatalog; path = Assets.xcassets; sourceTree = "<group>"; };
		C02040F11F3C76F80034A1CF /* Base */ = {isa = PBXFileReference; lastKnownFileType = file.storyboard; name = Base; path = Base.lproj/LaunchScreen.storyboard; sourceTree = "<group>"; };
		C02040F31F3C76F80034A1CF /* Info.plist */ = {isa = PBXFileReference; lastKnownFileType = text.plist.xml; path = Info.plist; sourceTree = "<group>"; };
/* End PBXFileReference section */

/* Begin PBXFrameworksBuildPhase section */
		C02040E11F3C76F80034A1CF /* Frameworks */ = {
			isa = PBXFrameworksBuildPhase;
			buildActionMask = 2147483647;
			files = (
			);
			runOnlyForDeploymentPostprocessing = 0;
		};
/* End PBXFrameworksBuildPhase section */

/* Begin PBXGroup section */
		C02040DB1F3C76F80034A1CF = {
			isa = PBXGroup;
			children = (
				C02040E61F3C76F80034A1CF /* DataPassDemo */,
				C02040E51F3C76F80034A1CF /* Products */,
			);
			sourceTree = "<group>";
		};
		C02040E51F3C76F80034A1CF /* Products */ = {
			isa = PBXGroup;
			children = (
				C02040E41F3C76F80034A1CF /* DataPassDemo.app */,
			);
			name = Products;
			sourceTree = "<group>";
		};
		C02040E61F3C76F80034A1CF /* DataPassDemo */ = {
			isa = PBXGroup;
			children = (
				C02040E71F3C76F80034A1CF /* AppDelegate.swift */,
				C02040E91F3C76F80034A1CF /* ViewController.swift */,
				C02040EB1F3C76F80034A1CF /* Main.storyboard */,
				C02040EE1F3C76F80034A1CF /* Assets.xcassets */,
				C02040F01F3C76F80034A1CF /* LaunchScreen.storyboard */,
				C02040F31F3C76F80034A1CF /* Info.plist */,
			);
			path = DataPassDemo;
			sourceTree = "<group>";
		};
/* End PBXGroup section */

/* Begin PBXNativeTarget section */
		C02040E31F3C76F80034A1CF /* DataPassDemo */ = {
			isa = PBXNativeTarget;
			buildConfigurationList = C02040F61F3C76F80034A1CF /* Build configuration list for PBXNativeTarget "DataPassDemo" */;
			buildPhases = (
				C02040E01F3C76F80034A1CF /* Sources */,
				C02040E11F3C76F80034A1CF /* Frameworks */,
				C02040E21F3C76F80034A1CF /* Resources */,
			);
			buildRules = (
			);
			dependencies = (
			);
			name = DataPassDemo;
			productName = DataPassDemo;
			productReference = C02040E41F3C76F80034A1CF /* DataPassDemo.app */;
			productType = "com.apple.product-type.application";
		};
/* End PBXNativeTarget section */

/* Begin PBXProject section */
		C02040DC1F3C76F80034A1CF /* Project object */ = {
			isa = PBXProject;
			attributes = {
				LastSwiftUpdateCheck = 0900;
				LastUpgradeCheck = 0900;
				ORGANIZATIONNAME = "吳得人";
				TargetAttributes = {
					C02040E31F3C76F80034A1CF = {
						CreatedOnToolsVersion = 9.0;
					};
				};
			};
			buildConfigurationList = C02040DF1F3C76F80034A1CF /* Build configuration list for PBXProject "DataPassDemo" */;
			compatibilityVersion = "Xcode 8.0";
			developmentRegion = en;
			hasScannedForEncodings = 0;
			knownRegions = (
				en,
				Base,
			);
			mainGroup = C02040DB1F3C76F80034A1CF;
			productRefGroup = C02040E51F3C76F80034A1CF /* Products */;
			projectDirPath = "";
			projectRoot = "";
			targets = (
				C02040E31F3C76F80034A1CF /* DataPassDemo */,
			);
		};
/* End PBXProject section */

/* Begin PBXResourcesBuildPhase section */
		C02040E21F3C76F80034A1CF /* Resources */ = {
			isa = PBXResourcesBuildPhase;
			buildActionMask = 2147483647;
			files = (
				C02040F21F3C76F80034A1CF /* LaunchScreen.storyboard in Resources */,
				C02040EF1F3C76F80034A1CF /* Assets.xcassets in Resources */,
				C02040ED1F3C76F80034A1CF /* Main.storyboard in Resources */,
			);
			runOnlyForDeploymentPostprocessing = 0;
		};
/* End PBXResourcesBuildPhase section */

/* Begin PBXSourcesBuildPhase section */
		C02040E01F3C76F80034A1CF /* Sources */ = {
			isa = PBXSourcesBuildPhase;
			buildActionMask = 2147483647;
			files = (
				C02040EA1F3C76F80034A1CF /* ViewController.swift in Sources */,
				C02040E81F3C76F80034A1CF /* AppDelegate.swift in Sources */,
			);
			runOnlyForDeploymentPostprocessing = 0;
		};
/* End PBXSourcesBuildPhase section */

/* Begin PBXVariantGroup section */
		C02040EB1F3C76F80034A1CF /* Main.storyboard */ = {
			isa = PBXVariantGroup;
			children = (
				C02040EC1F3C76F80034A1CF /* Base */,
			);
			name = Main.storyboard;
			sourceTree = "<group>";
		};
		C02040F01F3C76F80034A1CF /* LaunchScreen.storyboard */ = {
			isa = PBXVariantGroup;
			children = (
				C02040F11F3C76F80034A1CF /* Base */,
			);
			name = LaunchScreen.storyboard;
			sourceTree = "<group>";
		};
/* End PBXVariantGroup section */

/* Begin XCBuildConfiguration section */
		C02040F41F3C76F80034A1CF /* Debug */ = {
			isa = XCBuildConfiguration;
			buildSettings = {
				ALWAYS_SEARCH_USER_PATHS = NO;
				CLANG_ANALYZER_NONNULL = YES;
				CLANG_ANALYZER_NUMBER_OBJECT_CONVERSION = YES_AGGRESSIVE;
				CLANG_CXX_LANGUAGE_STANDARD = "gnu++14";
				CLANG_CXX_LIBRARY = "libc++";
				CLANG_ENABLE_MODULES = YES;
				CLANG_ENABLE_OBJC_ARC = YES;
				CLANG_WARN_BLOCK_CAPTURE_AUTORELEASING = YES;
				CLANG_WARN_BOOL_CONVERSION = YES;
				CLANG_WARN_COMMA = YES;
				CLANG_WARN_CONSTANT_CONVERSION = YES;
				CLANG_WARN_DIRECT_OBJC_ISA_USAGE = YES_ERROR;
				CLANG_WARN_DOCUMENTATION_COMMENTS = YES;
				CLANG_WARN_EMPTY_BODY = YES;
				CLANG_WARN_ENUM_CONVERSION = YES;
				CLANG_WARN_INFINITE_RECURSION = YES;
				CLANG_WARN_INT_CONVERSION = YES;
				CLANG_WARN_NON_LITERAL_NULL_CONVERSION = YES;
				CLANG_WARN_OBJC_LITERAL_CONVERSION = YES;
				CLANG_WARN_OBJC_ROOT_CLASS = YES_ERROR;
				CLANG_WARN_RANGE_LOOP_ANALYSIS = YES;
				CLANG_WARN_STRICT_PROTOTYPES = YES;
				CLANG_WARN_SUSPICIOUS_MOVE = YES;
				CLANG_WARN_UNGUARDED_AVAILABILITY = YES_AGGRESSIVE;
				CLANG_WARN_UNREACHABLE_CODE = YES;
				CLANG_WARN__DUPLICATE_METHOD_MATCH = YES;
				CODE_SIGN_IDENTITY = "iPhone Developer";
				COPY_PHASE_STRIP = NO;
				DEBUG_INFORMATION_FORMAT = dwarf;
				ENABLE_STRICT_OBJC_MSGSEND = YES;
				ENABLE_TESTABILITY = YES;
				GCC_C_LANGUAGE_STANDARD = gnu11;
				GCC_DYNAMIC_NO_PIC = NO;
				GCC_NO_COMMON_BLOCKS = YES;
				GCC_OPTIMIZATION_LEVEL = 0;
				GCC_PREPROCESSOR_DEFINITIONS = (
					"DEBUG=1",
					"$(inherited)",
				);
				GCC_WARN_64_TO_32_BIT_CONVERSION = YES;
				GCC_WARN_ABOUT_RETURN_TYPE = YES_ERROR;
				GCC_WARN_UNDECLARED_SELECTOR = YES;
				GCC_WARN_UNINITIALIZED_AUTOS = YES_AGGRESSIVE;
				GCC_WARN_UNUSED_FUNCTION = YES;
				GCC_WARN_UNUSED_VARIABLE = YES;
				IPHONEOS_DEPLOYMENT_TARGET = 11.0;
				MTL_ENABLE_DEBUG_INFO = YES;
				ONLY_ACTIVE_ARCH = YES;
				SDKROOT = iphoneos;
				SWIFT_ACTIVE_COMPILATION_CONDITIONS = DEBUG;
				SWIFT_OPTIMIZATION_LEVEL = "-Onone";
			};
			name = Debug;
		};
		C02040F51F3C76F80034A1CF /* Release */ = {
			isa = XCBuildConfiguration;
			buildSettings = {
				ALWAYS_SEARCH_USER_PATHS = NO;
				CLANG_ANALYZER_NONNULL = YES;
				CLANG_ANALYZER_NUMBER_OBJECT_CONVERSION = YES_AGGRESSIVE;
				CLANG_CXX_LANGUAGE_STANDARD = "gnu++14";
				CLANG_CXX_LIBRARY = "libc++";
				CLANG_ENABLE_MODULES = YES;
				CLANG_ENABLE_OBJC_ARC = YES;
				CLANG_WARN_BLOCK_CAPTURE_AUTORELEASING = YES;
				CLANG_WARN_BOOL_CONVERSION = YES;
				CLANG_WARN_COMMA = YES;
				CLANG_WARN_CONSTANT_CONVERSION = YES;
				CLANG_WARN_DIRECT_OBJC_ISA_USAGE = YES_ERROR;
				CLANG_WARN_DOCUMENTATION_COMMENTS = YES;
				CLANG_WARN_EMPTY_BODY = YES;
				CLANG_WARN_ENUM_CONVERSION = YES;
				CLANG_WARN_INFINITE_RECURSION = YES;
				CLANG_WARN_INT_CONVERSION = YES;
				CLANG_WARN_NON_LITERAL_NULL_CONVERSION = YES;
				CLANG_WARN_OBJC_LITERAL_CONVERSION = YES;
				CLANG_WARN_OBJC_ROOT_CLASS = YES_ERROR;
				CLANG_WARN_RANGE_LOOP_ANALYSIS = YES;
				CLANG_WARN_STRICT_PROTOTYPES = YES;
				CLANG_WARN_SUSPICIOUS_MOVE = YES;
				CLANG_WARN_UNGUARDED_AVAILABILITY = YES_AGGRESSIVE;
				CLANG_WARN_UNREACHABLE_CODE = YES;
				CLANG_WARN__DUPLICATE_METHOD_MATCH = YES;
				CODE_SIGN_IDENTITY = "iPhone Developer";
				COPY_PHASE_STRIP = NO;
				DEBUG_INFORMATION_FORMAT = "dwarf-with-dsym";
				ENABLE_NS_ASSERTIONS = NO;
				ENABLE_STRICT_OBJC_MSGSEND = YES;
				GCC_C_LANGUAGE_STANDARD = gnu11;
				GCC_NO_COMMON_BLOCKS = YES;
				GCC_WARN_64_TO_32_BIT_CONVERSION = YES;
				GCC_WARN_ABOUT_RETURN_TYPE = YES_ERROR;
				GCC_WARN_UNDECLARED_SELECTOR = YES;
				GCC_WARN_UNINITIALIZED_AUTOS = YES_AGGRESSIVE;
				GCC_WARN_UNUSED_FUNCTION = YES;
				GCC_WARN_UNUSED_VARIABLE = YES;
				IPHONEOS_DEPLOYMENT_TARGET = 11.0;
				MTL_ENABLE_DEBUG_INFO = NO;
				SDKROOT = iphoneos;
				SWIFT_OPTIMIZATION_LEVEL = "-Owholemodule";
				VALIDATE_PRODUCT = YES;
			};
			name = Release;
		};
		C02040F71F3C76F80034A1CF /* Debug */ = {
			isa = XCBuildConfiguration;
			buildSettings = {
				ASSETCATALOG_COMPILER_APPICON_NAME = AppIcon;
				DEVELOPMENT_TEAM = Q2CV2P5WWY;
				INFOPLIST_FILE = DataPassDemo/Info.plist;
				LD_RUNPATH_SEARCH_PATHS = "$(inherited) @executable_path/Frameworks";
				PRODUCT_BUNDLE_IDENTIFIER = com.darren.DataPassDemo;
				PRODUCT_NAME = "$(TARGET_NAME)";
				SWIFT_VERSION = 4.0;
				TARGETED_DEVICE_FAMILY = "1,2";
			};
			name = Debug;
		};
		C02040F81F3C76F80034A1CF /* Release */ = {
			isa = XCBuildConfiguration;
			buildSettings = {
				ASSETCATALOG_COMPILER_APPICON_NAME = AppIcon;
				DEVELOPMENT_TEAM = Q2CV2P5WWY;
				INFOPLIST_FILE = DataPassDemo/Info.plist;
				LD_RUNPATH_SEARCH_PATHS = "$(inherited) @executable_path/Frameworks";
				PRODUCT_BUNDLE_IDENTIFIER = com.darren.DataPassDemo;
				PRODUCT_NAME = "$(TARGET_NAME)";
				SWIFT_VERSION = 4.0;
				TARGETED_DEVICE_FAMILY = "1,2";
			};
			name = Release;
		};
/* End XCBuildConfiguration section */

/* Begin XCConfigurationList section */
		C02040DF1F3C76F80034A1CF /* Build configuration list for PBXProject "DataPassDemo" */ = {
			isa = XCConfigurationList;
			buildConfigurations = (
				C02040F41F3C76F80034A1CF /* Debug */,
				C02040F51F3C76F80034A1CF /* Release */,
			);
			defaultConfigurationIsVisible = 0;
			defaultConfigurationName = Release;
		};
		C02040F61F3C76F80034A1CF /* Build configuration list for PBXNativeTarget "DataPassDemo" */ = {
			isa = XCConfigurationList;
			buildConfigurations = (
				C02040F71F3C76F80034A1CF /* Debug */,
				C02040F81F3C76F80034A1CF /* Release */,
			);
			defaultConfigurationIsVisible = 0;
			defaultConfigurationName = Release;
		};
/* End XCConfigurationList section */
	};
	rootObject = C02040DC1F3C76F80034A1CF /* Project object */;
}
